// !$*UTF8*$!
{
	archiveVersion = 1;
	classes = {
	};
	objectVersion = 55;
	objects = {

/* Begin PBXBuildFile section */
		BE61457D286CBD6E00656824 /* PoopView.swift in Sources */ = {isa = PBXBuildFile; fileRef = BE61457C286CBD6E00656824 /* PoopView.swift */; };
		BE61457F286CC42500656824 /* PoopViewModel.swift in Sources */ = {isa = PBXBuildFile; fileRef = BE61457E286CC42500656824 /* PoopViewModel.swift */; };
		BE614581286CF92200656824 /* Poop.swift in Sources */ = {isa = PBXBuildFile; fileRef = BE614580286CF92200656824 /* Poop.swift */; };
		BE614583286E9AC700656824 /* BadgeView.swift in Sources */ = {isa = PBXBuildFile; fileRef = BE614582286E9AC700656824 /* BadgeView.swift */; };
		BE614585286F5B3600656824 /* ProfileView.swift in Sources */ = {isa = PBXBuildFile; fileRef = BE614584286F5B3600656824 /* ProfileView.swift */; };
		BE61458828737EC900656824 /* LeaderboardView.swift in Sources */ = {isa = PBXBuildFile; fileRef = BE61458728737EC900656824 /* LeaderboardView.swift */; };
		BE61458A2873C84F00656824 /* LeaderboardViewModel.swift in Sources */ = {isa = PBXBuildFile; fileRef = BE6145892873C84F00656824 /* LeaderboardViewModel.swift */; };
		BE61458C2873C94E00656824 /* GlobalLeaderboardView.swift in Sources */ = {isa = PBXBuildFile; fileRef = BE61458B2873C94E00656824 /* GlobalLeaderboardView.swift */; };
		BE61458E2873C95B00656824 /* FriendLeaderboardView.swift in Sources */ = {isa = PBXBuildFile; fileRef = BE61458D2873C95B00656824 /* FriendLeaderboardView.swift */; };
		BEA64022286A0F5200E86612 /* FirebaseAuth in Frameworks */ = {isa = PBXBuildFile; productRef = BEA64021286A0F5200E86612 /* FirebaseAuth */; };
		BEA64024286A0F5200E86612 /* FirebaseFirestore in Frameworks */ = {isa = PBXBuildFile; productRef = BEA64023286A0F5200E86612 /* FirebaseFirestore */; };
		BEA64026286A0F5200E86612 /* FirebaseFirestoreSwift in Frameworks */ = {isa = PBXBuildFile; productRef = BEA64025286A0F5200E86612 /* FirebaseFirestoreSwift */; };
		BEA64028286A0F5200E86612 /* FirebaseMessaging in Frameworks */ = {isa = PBXBuildFile; productRef = BEA64027286A0F5200E86612 /* FirebaseMessaging */; };
		BEA6402A286A0F5200E86612 /* FirebaseStorage in Frameworks */ = {isa = PBXBuildFile; productRef = BEA64029286A0F5200E86612 /* FirebaseStorage */; };
		BEA64030286A144D00E86612 /* AppDelegate.swift in Sources */ = {isa = PBXBuildFile; fileRef = BEA6402F286A144D00E86612 /* AppDelegate.swift */; };
		BEA64035286A7BA100E86612 /* PushNotificationManager.swift in Sources */ = {isa = PBXBuildFile; fileRef = BEA64034286A7BA100E86612 /* PushNotificationManager.swift */; };
		BEB7057A2864B97A008A6F24 /* PoopSocialApp.swift in Sources */ = {isa = PBXBuildFile; fileRef = BEB705792864B97A008A6F24 /* PoopSocialApp.swift */; };
		BEB7057C2864B97A008A6F24 /* LoginView.swift in Sources */ = {isa = PBXBuildFile; fileRef = BEB7057B2864B97A008A6F24 /* LoginView.swift */; };
		BEB7057E2864B97B008A6F24 /* Assets.xcassets in Resources */ = {isa = PBXBuildFile; fileRef = BEB7057D2864B97B008A6F24 /* Assets.xcassets */; };
		BEB705812864B97B008A6F24 /* Preview Assets.xcassets in Resources */ = {isa = PBXBuildFile; fileRef = BEB705802864B97B008A6F24 /* Preview Assets.xcassets */; };
		BEB7058B2864B97B008A6F24 /* PoopSocialTests.swift in Sources */ = {isa = PBXBuildFile; fileRef = BEB7058A2864B97B008A6F24 /* PoopSocialTests.swift */; };
		BEB705952864B97B008A6F24 /* PoopSocialUITests.swift in Sources */ = {isa = PBXBuildFile; fileRef = BEB705942864B97B008A6F24 /* PoopSocialUITests.swift */; };
		BEB705972864B97B008A6F24 /* PoopSocialUITestsLaunchTests.swift in Sources */ = {isa = PBXBuildFile; fileRef = BEB705962864B97B008A6F24 /* PoopSocialUITestsLaunchTests.swift */; };
		BEB705A42864C470008A6F24 /* ContentView.swift in Sources */ = {isa = PBXBuildFile; fileRef = BEB705A32864C470008A6F24 /* ContentView.swift */; };
		BEB705AD2864CF02008A6F24 /* ImagePicker.swift in Sources */ = {isa = PBXBuildFile; fileRef = BEB705AC2864CF02008A6F24 /* ImagePicker.swift */; };
		BEB705C22864EBEE008A6F24 /* FirebaseManager.swift in Sources */ = {isa = PBXBuildFile; fileRef = BEB705C12864EBEE008A6F24 /* FirebaseManager.swift */; };
		BEB705C52864F40C008A6F24 /* SDWebImageSwiftUI in Frameworks */ = {isa = PBXBuildFile; productRef = BEB705C42864F40C008A6F24 /* SDWebImageSwiftUI */; };
		BEB705C8286514D0008A6F24 /* User.swift in Sources */ = {isa = PBXBuildFile; fileRef = BEB705C7286514D0008A6F24 /* User.swift */; };
		BEB705CE28661558008A6F24 /* GoogleService-Info.plist in Resources */ = {isa = PBXBuildFile; fileRef = BEB705CD28661558008A6F24 /* GoogleService-Info.plist */; };
		BEB705D128661581008A6F24 /* Extensions.swift in Sources */ = {isa = PBXBuildFile; fileRef = BEB705D028661581008A6F24 /* Extensions.swift */; };
		BEB705D3286615CF008A6F24 /* ColorManager.swift in Sources */ = {isa = PBXBuildFile; fileRef = BEB705D2286615CF008A6F24 /* ColorManager.swift */; };
		BEB705D628661BDC008A6F24 /* FriendsView.swift in Sources */ = {isa = PBXBuildFile; fileRef = BEB705D528661BDC008A6F24 /* FriendsView.swift */; };
		BEB705D928661ED2008A6F24 /* UserData.swift in Sources */ = {isa = PBXBuildFile; fileRef = BEB705D828661ED2008A6F24 /* UserData.swift */; };
		BEB705DB28662050008A6F24 /* AddFriendView.swift in Sources */ = {isa = PBXBuildFile; fileRef = BEB705DA28662050008A6F24 /* AddFriendView.swift */; };
		BEB705DD286625F3008A6F24 /* AddFriendRowView.swift in Sources */ = {isa = PBXBuildFile; fileRef = BEB705DC286625F3008A6F24 /* AddFriendRowView.swift */; };
		BEB705DF28664849008A6F24 /* Friendship.swift in Sources */ = {isa = PBXBuildFile; fileRef = BEB705DE28664849008A6F24 /* Friendship.swift */; };
		BEB705E1286785B3008A6F24 /* FollowRequestView.swift in Sources */ = {isa = PBXBuildFile; fileRef = BEB705E0286785B3008A6F24 /* FollowRequestView.swift */; };
		BEB705E328678F70008A6F24 /* FollowRequestRow.swift in Sources */ = {isa = PBXBuildFile; fileRef = BEB705E228678F70008A6F24 /* FollowRequestRow.swift */; };
		BEB705EB2868E4B5008A6F24 /* FriendsViewModel.swift in Sources */ = {isa = PBXBuildFile; fileRef = BEB705EA2868E4B5008A6F24 /* FriendsViewModel.swift */; };
		BEBA70512875F67500CEDCBD /* SettingsView.swift in Sources */ = {isa = PBXBuildFile; fileRef = BEBA70502875F67500CEDCBD /* SettingsView.swift */; };
		BEBA70532876244A00CEDCBD /* OtherProfileView.swift in Sources */ = {isa = PBXBuildFile; fileRef = BEBA70522876244A00CEDCBD /* OtherProfileView.swift */; };
		BEBA705528773D7C00CEDCBD /* AddPoopView.swift in Sources */ = {isa = PBXBuildFile; fileRef = BEBA705428773D7C00CEDCBD /* AddPoopView.swift */; };
		BEE944C4287772A500BA1ACB /* PoopDetailView.swift in Sources */ = {isa = PBXBuildFile; fileRef = BEE944C3287772A500BA1ACB /* PoopDetailView.swift */; };
/* End PBXBuildFile section */

/* Begin PBXContainerItemProxy section */
		BEB705872864B97B008A6F24 /* PBXContainerItemProxy */ = {
			isa = PBXContainerItemProxy;
			containerPortal = BEB7056E2864B97A008A6F24 /* Project object */;
			proxyType = 1;
			remoteGlobalIDString = BEB705752864B97A008A6F24;
			remoteInfo = PoopSocial;
		};
		BEB705912864B97B008A6F24 /* PBXContainerItemProxy */ = {
			isa = PBXContainerItemProxy;
			containerPortal = BEB7056E2864B97A008A6F24 /* Project object */;
			proxyType = 1;
			remoteGlobalIDString = BEB705752864B97A008A6F24;
			remoteInfo = PoopSocial;
		};
/* End PBXContainerItemProxy section */

/* Begin PBXFileReference section */
		BE61457C286CBD6E00656824 /* PoopView.swift */ = {isa = PBXFileReference; lastKnownFileType = sourcecode.swift; path = PoopView.swift; sourceTree = "<group>"; };
		BE61457E286CC42500656824 /* PoopViewModel.swift */ = {isa = PBXFileReference; lastKnownFileType = sourcecode.swift; path = PoopViewModel.swift; sourceTree = "<group>"; };
		BE614580286CF92200656824 /* Poop.swift */ = {isa = PBXFileReference; lastKnownFileType = sourcecode.swift; path = Poop.swift; sourceTree = "<group>"; };
		BE614582286E9AC700656824 /* BadgeView.swift */ = {isa = PBXFileReference; lastKnownFileType = sourcecode.swift; path = BadgeView.swift; sourceTree = "<group>"; };
		BE614584286F5B3600656824 /* ProfileView.swift */ = {isa = PBXFileReference; lastKnownFileType = sourcecode.swift; path = ProfileView.swift; sourceTree = "<group>"; };
		BE61458728737EC900656824 /* LeaderboardView.swift */ = {isa = PBXFileReference; lastKnownFileType = sourcecode.swift; path = LeaderboardView.swift; sourceTree = "<group>"; };
		BE6145892873C84F00656824 /* LeaderboardViewModel.swift */ = {isa = PBXFileReference; lastKnownFileType = sourcecode.swift; path = LeaderboardViewModel.swift; sourceTree = "<group>"; };
		BE61458B2873C94E00656824 /* GlobalLeaderboardView.swift */ = {isa = PBXFileReference; lastKnownFileType = sourcecode.swift; path = GlobalLeaderboardView.swift; sourceTree = "<group>"; };
		BE61458D2873C95B00656824 /* FriendLeaderboardView.swift */ = {isa = PBXFileReference; lastKnownFileType = sourcecode.swift; path = FriendLeaderboardView.swift; sourceTree = "<group>"; };
		BEA6402E286A141F00E86612 /* Info.plist */ = {isa = PBXFileReference; lastKnownFileType = text.plist.xml; path = Info.plist; sourceTree = "<group>"; };
		BEA6402F286A144D00E86612 /* AppDelegate.swift */ = {isa = PBXFileReference; lastKnownFileType = sourcecode.swift; path = AppDelegate.swift; sourceTree = "<group>"; };
		BEA64031286A14A300E86612 /* PoopSocial.entitlements */ = {isa = PBXFileReference; lastKnownFileType = text.plist.entitlements; path = PoopSocial.entitlements; sourceTree = "<group>"; };
		BEA64034286A7BA100E86612 /* PushNotificationManager.swift */ = {isa = PBXFileReference; lastKnownFileType = sourcecode.swift; path = PushNotificationManager.swift; sourceTree = "<group>"; };
		BEB705762864B97A008A6F24 /* PoopSocial.app */ = {isa = PBXFileReference; explicitFileType = wrapper.application; includeInIndex = 0; path = PoopSocial.app; sourceTree = BUILT_PRODUCTS_DIR; };
		BEB705792864B97A008A6F24 /* PoopSocialApp.swift */ = {isa = PBXFileReference; lastKnownFileType = sourcecode.swift; path = PoopSocialApp.swift; sourceTree = "<group>"; };
		BEB7057B2864B97A008A6F24 /* LoginView.swift */ = {isa = PBXFileReference; lastKnownFileType = sourcecode.swift; path = LoginView.swift; sourceTree = "<group>"; };
		BEB7057D2864B97B008A6F24 /* Assets.xcassets */ = {isa = PBXFileReference; lastKnownFileType = folder.assetcatalog; path = Assets.xcassets; sourceTree = "<group>"; };
		BEB705802864B97B008A6F24 /* Preview Assets.xcassets */ = {isa = PBXFileReference; lastKnownFileType = folder.assetcatalog; path = "Preview Assets.xcassets"; sourceTree = "<group>"; };
		BEB705862864B97B008A6F24 /* PoopSocialTests.xctest */ = {isa = PBXFileReference; explicitFileType = wrapper.cfbundle; includeInIndex = 0; path = PoopSocialTests.xctest; sourceTree = BUILT_PRODUCTS_DIR; };
		BEB7058A2864B97B008A6F24 /* PoopSocialTests.swift */ = {isa = PBXFileReference; lastKnownFileType = sourcecode.swift; path = PoopSocialTests.swift; sourceTree = "<group>"; };
		BEB705902864B97B008A6F24 /* PoopSocialUITests.xctest */ = {isa = PBXFileReference; explicitFileType = wrapper.cfbundle; includeInIndex = 0; path = PoopSocialUITests.xctest; sourceTree = BUILT_PRODUCTS_DIR; };
		BEB705942864B97B008A6F24 /* PoopSocialUITests.swift */ = {isa = PBXFileReference; lastKnownFileType = sourcecode.swift; path = PoopSocialUITests.swift; sourceTree = "<group>"; };
		BEB705962864B97B008A6F24 /* PoopSocialUITestsLaunchTests.swift */ = {isa = PBXFileReference; lastKnownFileType = sourcecode.swift; path = PoopSocialUITestsLaunchTests.swift; sourceTree = "<group>"; };
		BEB705A32864C470008A6F24 /* ContentView.swift */ = {isa = PBXFileReference; lastKnownFileType = sourcecode.swift; path = ContentView.swift; sourceTree = "<group>"; };
		BEB705AC2864CF02008A6F24 /* ImagePicker.swift */ = {isa = PBXFileReference; lastKnownFileType = sourcecode.swift; path = ImagePicker.swift; sourceTree = "<group>"; };
		BEB705C12864EBEE008A6F24 /* FirebaseManager.swift */ = {isa = PBXFileReference; lastKnownFileType = sourcecode.swift; path = FirebaseManager.swift; sourceTree = "<group>"; };
		BEB705C7286514D0008A6F24 /* User.swift */ = {isa = PBXFileReference; lastKnownFileType = sourcecode.swift; path = User.swift; sourceTree = "<group>"; };
		BEB705CD28661558008A6F24 /* GoogleService-Info.plist */ = {isa = PBXFileReference; fileEncoding = 4; lastKnownFileType = text.plist.xml; name = "GoogleService-Info.plist"; path = "../../../../.Trash/GoogleService-Info.plist"; sourceTree = "<group>"; };
		BEB705D028661581008A6F24 /* Extensions.swift */ = {isa = PBXFileReference; lastKnownFileType = sourcecode.swift; path = Extensions.swift; sourceTree = "<group>"; };
		BEB705D2286615CF008A6F24 /* ColorManager.swift */ = {isa = PBXFileReference; lastKnownFileType = sourcecode.swift; path = ColorManager.swift; sourceTree = "<group>"; };
		BEB705D528661BDC008A6F24 /* FriendsView.swift */ = {isa = PBXFileReference; lastKnownFileType = sourcecode.swift; path = FriendsView.swift; sourceTree = "<group>"; };
		BEB705D828661ED2008A6F24 /* UserData.swift */ = {isa = PBXFileReference; lastKnownFileType = sourcecode.swift; path = UserData.swift; sourceTree = "<group>"; };
		BEB705DA28662050008A6F24 /* AddFriendView.swift */ = {isa = PBXFileReference; lastKnownFileType = sourcecode.swift; path = AddFriendView.swift; sourceTree = "<group>"; };
		BEB705DC286625F3008A6F24 /* AddFriendRowView.swift */ = {isa = PBXFileReference; lastKnownFileType = sourcecode.swift; path = AddFriendRowView.swift; sourceTree = "<group>"; };
		BEB705DE28664849008A6F24 /* Friendship.swift */ = {isa = PBXFileReference; lastKnownFileType = sourcecode.swift; path = Friendship.swift; sourceTree = "<group>"; };
		BEB705E0286785B3008A6F24 /* FollowRequestView.swift */ = {isa = PBXFileReference; lastKnownFileType = sourcecode.swift; path = FollowRequestView.swift; sourceTree = "<group>"; };
		BEB705E228678F70008A6F24 /* FollowRequestRow.swift */ = {isa = PBXFileReference; lastKnownFileType = sourcecode.swift; path = FollowRequestRow.swift; sourceTree = "<group>"; };
		BEB705EA2868E4B5008A6F24 /* FriendsViewModel.swift */ = {isa = PBXFileReference; lastKnownFileType = sourcecode.swift; path = FriendsViewModel.swift; sourceTree = "<group>"; };
		BEBA70502875F67500CEDCBD /* SettingsView.swift */ = {isa = PBXFileReference; lastKnownFileType = sourcecode.swift; path = SettingsView.swift; sourceTree = "<group>"; };
		BEBA70522876244A00CEDCBD /* OtherProfileView.swift */ = {isa = PBXFileReference; lastKnownFileType = sourcecode.swift; path = OtherProfileView.swift; sourceTree = "<group>"; };
		BEBA705428773D7C00CEDCBD /* AddPoopView.swift */ = {isa = PBXFileReference; lastKnownFileType = sourcecode.swift; path = AddPoopView.swift; sourceTree = "<group>"; };
		BEE944C3287772A500BA1ACB /* PoopDetailView.swift */ = {isa = PBXFileReference; lastKnownFileType = sourcecode.swift; path = PoopDetailView.swift; sourceTree = "<group>"; };
/* End PBXFileReference section */

/* Begin PBXFrameworksBuildPhase section */
		BEB705732864B97A008A6F24 /* Frameworks */ = {
			isa = PBXFrameworksBuildPhase;
			buildActionMask = 2147483647;
			files = (
				BEB705C52864F40C008A6F24 /* SDWebImageSwiftUI in Frameworks */,
				BEA64022286A0F5200E86612 /* FirebaseAuth in Frameworks */,
				BEA64028286A0F5200E86612 /* FirebaseMessaging in Frameworks */,
				BEA64024286A0F5200E86612 /* FirebaseFirestore in Frameworks */,
				BEA64026286A0F5200E86612 /* FirebaseFirestoreSwift in Frameworks */,
				BEA6402A286A0F5200E86612 /* FirebaseStorage in Frameworks */,
			);
			runOnlyForDeploymentPostprocessing = 0;
		};
		BEB705832864B97B008A6F24 /* Frameworks */ = {
			isa = PBXFrameworksBuildPhase;
			buildActionMask = 2147483647;
			files = (
			);
			runOnlyForDeploymentPostprocessing = 0;
		};
		BEB7058D2864B97B008A6F24 /* Frameworks */ = {
			isa = PBXFrameworksBuildPhase;
			buildActionMask = 2147483647;
			files = (
			);
			runOnlyForDeploymentPostprocessing = 0;
		};
/* End PBXFrameworksBuildPhase section */

/* Begin PBXGroup section */
		BE61457B286CBD4F00656824 /* Poop Views */ = {
			isa = PBXGroup;
			children = (
				BE61457C286CBD6E00656824 /* PoopView.swift */,
				BEE944C3287772A500BA1ACB /* PoopDetailView.swift */,
				BEBA705428773D7C00CEDCBD /* AddPoopView.swift */,
				BE61457E286CC42500656824 /* PoopViewModel.swift */,
				BE614584286F5B3600656824 /* ProfileView.swift */,
				BEBA70522876244A00CEDCBD /* OtherProfileView.swift */,
			);
			path = "Poop Views";
			sourceTree = "<group>";
		};
		BE61458628737EB500656824 /* Leaderboard Views */ = {
			isa = PBXGroup;
			children = (
				BE61458728737EC900656824 /* LeaderboardView.swift */,
				BE6145892873C84F00656824 /* LeaderboardViewModel.swift */,
				BE61458B2873C94E00656824 /* GlobalLeaderboardView.swift */,
				BE61458D2873C95B00656824 /* FriendLeaderboardView.swift */,
			);
			path = "Leaderboard Views";
			sourceTree = "<group>";
		};
		BEA6402B286A0F6700E86612 /* Main Views */ = {
			isa = PBXGroup;
			children = (
				BEB705792864B97A008A6F24 /* PoopSocialApp.swift */,
				BEB705A32864C470008A6F24 /* ContentView.swift */,
				BEA6402F286A144D00E86612 /* AppDelegate.swift */,
			);
			path = "Main Views";
			sourceTree = "<group>";
		};
		BEA6402C286A0F8B00E86612 /* Login Views */ = {
			isa = PBXGroup;
			children = (
				BEB7057B2864B97A008A6F24 /* LoginView.swift */,
			);
			path = "Login Views";
			sourceTree = "<group>";
		};
		BEA6402D286A0FA300E86612 /* Utility Views */ = {
			isa = PBXGroup;
			children = (
				BEB705AC2864CF02008A6F24 /* ImagePicker.swift */,
				BE614582286E9AC700656824 /* BadgeView.swift */,
			);
			path = "Utility Views";
			sourceTree = "<group>";
		};
		BEB7056D2864B97A008A6F24 = {
			isa = PBXGroup;
			children = (
				BEB705782864B97A008A6F24 /* PoopSocial */,
				BEB705892864B97B008A6F24 /* PoopSocialTests */,
				BEB705932864B97B008A6F24 /* PoopSocialUITests */,
				BEB705772864B97A008A6F24 /* Products */,
			);
			sourceTree = "<group>";
		};
		BEB705772864B97A008A6F24 /* Products */ = {
			isa = PBXGroup;
			children = (
				BEB705762864B97A008A6F24 /* PoopSocial.app */,
				BEB705862864B97B008A6F24 /* PoopSocialTests.xctest */,
				BEB705902864B97B008A6F24 /* PoopSocialUITests.xctest */,
			);
			name = Products;
			sourceTree = "<group>";
		};
		BEB705782864B97A008A6F24 /* PoopSocial */ = {
			isa = PBXGroup;
			children = (
				BEA6402E286A141F00E86612 /* Info.plist */,
				BEA64031286A14A300E86612 /* PoopSocial.entitlements */,
				BEB705C6286514B3008A6F24 /* Models */,
				BEB705C02864EBDC008A6F24 /* Managers */,
				BEB705C928661489008A6F24 /* Views */,
				BEB705CF28661571008A6F24 /* Extensions */,
				BEB705CA286614AD008A6F24 /* Supporting */,
				BEB7057F2864B97B008A6F24 /* Preview Content */,
			);
			path = PoopSocial;
			sourceTree = "<group>";
		};
		BEB7057F2864B97B008A6F24 /* Preview Content */ = {
			isa = PBXGroup;
			children = (
				BEB705802864B97B008A6F24 /* Preview Assets.xcassets */,
			);
			path = "Preview Content";
			sourceTree = "<group>";
		};
		BEB705892864B97B008A6F24 /* PoopSocialTests */ = {
			isa = PBXGroup;
			children = (
				BEB7058A2864B97B008A6F24 /* PoopSocialTests.swift */,
			);
			path = PoopSocialTests;
			sourceTree = "<group>";
		};
		BEB705932864B97B008A6F24 /* PoopSocialUITests */ = {
			isa = PBXGroup;
			children = (
				BEB705942864B97B008A6F24 /* PoopSocialUITests.swift */,
				BEB705962864B97B008A6F24 /* PoopSocialUITestsLaunchTests.swift */,
			);
			path = PoopSocialUITests;
			sourceTree = "<group>";
		};
		BEB705C02864EBDC008A6F24 /* Managers */ = {
			isa = PBXGroup;
			children = (
				BEB705C12864EBEE008A6F24 /* FirebaseManager.swift */,
				BEA64034286A7BA100E86612 /* PushNotificationManager.swift */,
			);
			path = Managers;
			sourceTree = "<group>";
		};
		BEB705C6286514B3008A6F24 /* Models */ = {
			isa = PBXGroup;
			children = (
				BEB705C7286514D0008A6F24 /* User.swift */,
				BEB705DE28664849008A6F24 /* Friendship.swift */,
				BE614580286CF92200656824 /* Poop.swift */,
				BEB705D728661EAD008A6F24 /* Data */,
			);
			path = Models;
			sourceTree = "<group>";
		};
		BEB705C928661489008A6F24 /* Views */ = {
			isa = PBXGroup;
			children = (
				BEA6402B286A0F6700E86612 /* Main Views */,
				BE61457B286CBD4F00656824 /* Poop Views */,
				BE61458628737EB500656824 /* Leaderboard Views */,
				BEA6402C286A0F8B00E86612 /* Login Views */,
				BEB705D428661BBC008A6F24 /* Friends Views */,
				BEBA704F2875F65F00CEDCBD /* Setting Views */,
				BEA6402D286A0FA300E86612 /* Utility Views */,
			);
			path = Views;
			sourceTree = "<group>";
		};
		BEB705CA286614AD008A6F24 /* Supporting */ = {
			isa = PBXGroup;
			children = (
				BEB7057D2864B97B008A6F24 /* Assets.xcassets */,
				BEB705CD28661558008A6F24 /* GoogleService-Info.plist */,
			);
			path = Supporting;
			sourceTree = "<group>";
		};
		BEB705CF28661571008A6F24 /* Extensions */ = {
			isa = PBXGroup;
			children = (
				BEB705D028661581008A6F24 /* Extensions.swift */,
				BEB705D2286615CF008A6F24 /* ColorManager.swift */,
			);
			path = Extensions;
			sourceTree = "<group>";
		};
		BEB705D428661BBC008A6F24 /* Friends Views */ = {
			isa = PBXGroup;
			children = (
				BEB705D528661BDC008A6F24 /* FriendsView.swift */,
				BEB705EA2868E4B5008A6F24 /* FriendsViewModel.swift */,
				BEB705DA28662050008A6F24 /* AddFriendView.swift */,
				BEB705DC286625F3008A6F24 /* AddFriendRowView.swift */,
				BEB705E0286785B3008A6F24 /* FollowRequestView.swift */,
				BEB705E228678F70008A6F24 /* FollowRequestRow.swift */,
			);
			path = "Friends Views";
			sourceTree = "<group>";
		};
		BEB705D728661EAD008A6F24 /* Data */ = {
			isa = PBXGroup;
			children = (
				BEB705D828661ED2008A6F24 /* UserData.swift */,
			);
			path = Data;
			sourceTree = "<group>";
		};
		BEBA704F2875F65F00CEDCBD /* Setting Views */ = {
			isa = PBXGroup;
			children = (
				BEBA70502875F67500CEDCBD /* SettingsView.swift */,
			);
			path = "Setting Views";
			sourceTree = "<group>";
		};
/* End PBXGroup section */

/* Begin PBXNativeTarget section */
		BEB705752864B97A008A6F24 /* PoopSocial */ = {
			isa = PBXNativeTarget;
			buildConfigurationList = BEB7059A2864B97B008A6F24 /* Build configuration list for PBXNativeTarget "PoopSocial" */;
			buildPhases = (
				BEB705722864B97A008A6F24 /* Sources */,
				BEB705732864B97A008A6F24 /* Frameworks */,
				BEB705742864B97A008A6F24 /* Resources */,
				BEB705E92867F339008A6F24 /* ShellScript */,
			);
			buildRules = (
			);
			dependencies = (
			);
			name = PoopSocial;
			packageProductDependencies = (
				BEB705C42864F40C008A6F24 /* SDWebImageSwiftUI */,
				BEA64021286A0F5200E86612 /* FirebaseAuth */,
				BEA64023286A0F5200E86612 /* FirebaseFirestore */,
				BEA64025286A0F5200E86612 /* FirebaseFirestoreSwift */,
				BEA64027286A0F5200E86612 /* FirebaseMessaging */,
				BEA64029286A0F5200E86612 /* FirebaseStorage */,
			);
			productName = PoopSocial;
			productReference = BEB705762864B97A008A6F24 /* PoopSocial.app */;
			productType = "com.apple.product-type.application";
		};
		BEB705852864B97B008A6F24 /* PoopSocialTests */ = {
			isa = PBXNativeTarget;
			buildConfigurationList = BEB7059D2864B97B008A6F24 /* Build configuration list for PBXNativeTarget "PoopSocialTests" */;
			buildPhases = (
				BEB705822864B97B008A6F24 /* Sources */,
				BEB705832864B97B008A6F24 /* Frameworks */,
				BEB705842864B97B008A6F24 /* Resources */,
			);
			buildRules = (
			);
			dependencies = (
				BEB705882864B97B008A6F24 /* PBXTargetDependency */,
			);
			name = PoopSocialTests;
			productName = PoopSocialTests;
			productReference = BEB705862864B97B008A6F24 /* PoopSocialTests.xctest */;
			productType = "com.apple.product-type.bundle.unit-test";
		};
		BEB7058F2864B97B008A6F24 /* PoopSocialUITests */ = {
			isa = PBXNativeTarget;
			buildConfigurationList = BEB705A02864B97B008A6F24 /* Build configuration list for PBXNativeTarget "PoopSocialUITests" */;
			buildPhases = (
				BEB7058C2864B97B008A6F24 /* Sources */,
				BEB7058D2864B97B008A6F24 /* Frameworks */,
				BEB7058E2864B97B008A6F24 /* Resources */,
			);
			buildRules = (
			);
			dependencies = (
				BEB705922864B97B008A6F24 /* PBXTargetDependency */,
			);
			name = PoopSocialUITests;
			productName = PoopSocialUITests;
			productReference = BEB705902864B97B008A6F24 /* PoopSocialUITests.xctest */;
			productType = "com.apple.product-type.bundle.ui-testing";
		};
/* End PBXNativeTarget section */

/* Begin PBXProject section */
		BEB7056E2864B97A008A6F24 /* Project object */ = {
			isa = PBXProject;
			attributes = {
				BuildIndependentTargetsInParallel = 1;
				LastSwiftUpdateCheck = 1340;
				LastUpgradeCheck = 1340;
				TargetAttributes = {
					BEB705752864B97A008A6F24 = {
						CreatedOnToolsVersion = 13.4.1;
					};
					BEB705852864B97B008A6F24 = {
						CreatedOnToolsVersion = 13.4.1;
						TestTargetID = BEB705752864B97A008A6F24;
					};
					BEB7058F2864B97B008A6F24 = {
						CreatedOnToolsVersion = 13.4.1;
						TestTargetID = BEB705752864B97A008A6F24;
					};
				};
			};
			buildConfigurationList = BEB705712864B97A008A6F24 /* Build configuration list for PBXProject "PoopSocial" */;
			compatibilityVersion = "Xcode 13.0";
			developmentRegion = en;
			hasScannedForEncodings = 0;
			knownRegions = (
				en,
				Base,
			);
			mainGroup = BEB7056D2864B97A008A6F24;
			packageReferences = (
				BEB705C32864F40C008A6F24 /* XCRemoteSwiftPackageReference "SDWebImageSwiftUI" */,
				BEA64020286A0F5200E86612 /* XCRemoteSwiftPackageReference "firebase-ios-sdk" */,
			);
			productRefGroup = BEB705772864B97A008A6F24 /* Products */;
			projectDirPath = "";
			projectRoot = "";
			targets = (
				BEB705752864B97A008A6F24 /* PoopSocial */,
				BEB705852864B97B008A6F24 /* PoopSocialTests */,
				BEB7058F2864B97B008A6F24 /* PoopSocialUITests */,
			);
		};
/* End PBXProject section */

/* Begin PBXResourcesBuildPhase section */
		BEB705742864B97A008A6F24 /* Resources */ = {
			isa = PBXResourcesBuildPhase;
			buildActionMask = 2147483647;
			files = (
				BEB705812864B97B008A6F24 /* Preview Assets.xcassets in Resources */,
				BEB705CE28661558008A6F24 /* GoogleService-Info.plist in Resources */,
				BEB7057E2864B97B008A6F24 /* Assets.xcassets in Resources */,
			);
			runOnlyForDeploymentPostprocessing = 0;
		};
		BEB705842864B97B008A6F24 /* Resources */ = {
			isa = PBXResourcesBuildPhase;
			buildActionMask = 2147483647;
			files = (
			);
			runOnlyForDeploymentPostprocessing = 0;
		};
		BEB7058E2864B97B008A6F24 /* Resources */ = {
			isa = PBXResourcesBuildPhase;
			buildActionMask = 2147483647;
			files = (
			);
			runOnlyForDeploymentPostprocessing = 0;
		};
/* End PBXResourcesBuildPhase section */

/* Begin PBXShellScriptBuildPhase section */
		BEB705E92867F339008A6F24 /* ShellScript */ = {
			isa = PBXShellScriptBuildPhase;
			buildActionMask = 2147483647;
			files = (
			);
			inputFileListPaths = (
			);
			inputPaths = (
			);
			outputFileListPaths = (
			);
			outputPaths = (
			);
			runOnlyForDeploymentPostprocessing = 0;
			shellPath = /bin/sh;
			shellScript = "# Type a script or drag a script file from your workspace to insert its path.\ncustom_sim=`xcrun simctl list | grep 'Custom Simulators' | awk -F'[()]' '{print $2}'`\nif [ ! -z \"${custom_sim}\" ] && [ \"${TARGET_DEVICE_IDENTIFIER}\" = \"${custom_sim}\" ]; then\n/bin/sh multipleSimulatorsStartup.sh\nfi\n";
		};
/* End PBXShellScriptBuildPhase section */

/* Begin PBXSourcesBuildPhase section */
		BEB705722864B97A008A6F24 /* Sources */ = {
			isa = PBXSourcesBuildPhase;
			buildActionMask = 2147483647;
			files = (
				BEB705D628661BDC008A6F24 /* FriendsView.swift in Sources */,
				BEB705C22864EBEE008A6F24 /* FirebaseManager.swift in Sources */,
				BE61458E2873C95B00656824 /* FriendLeaderboardView.swift in Sources */,
				BEB7057C2864B97A008A6F24 /* LoginView.swift in Sources */,
				BE614581286CF92200656824 /* Poop.swift in Sources */,
				BEB705DF28664849008A6F24 /* Friendship.swift in Sources */,
				BE614583286E9AC700656824 /* BadgeView.swift in Sources */,
				BEB705AD2864CF02008A6F24 /* ImagePicker.swift in Sources */,
				BE61458C2873C94E00656824 /* GlobalLeaderboardView.swift in Sources */,
				BEB705E328678F70008A6F24 /* FollowRequestRow.swift in Sources */,
				BE61458A2873C84F00656824 /* LeaderboardViewModel.swift in Sources */,
				BE61457D286CBD6E00656824 /* PoopView.swift in Sources */,
				BEB705D128661581008A6F24 /* Extensions.swift in Sources */,
				BE61458828737EC900656824 /* LeaderboardView.swift in Sources */,
				BEB705D928661ED2008A6F24 /* UserData.swift in Sources */,
				BEB705DB28662050008A6F24 /* AddFriendView.swift in Sources */,
				BEB7057A2864B97A008A6F24 /* PoopSocialApp.swift in Sources */,
				BEBA70532876244A00CEDCBD /* OtherProfileView.swift in Sources */,
				BEB705A42864C470008A6F24 /* ContentView.swift in Sources */,
				BEBA70512875F67500CEDCBD /* SettingsView.swift in Sources */,
				BE61457F286CC42500656824 /* PoopViewModel.swift in Sources */,
				BEB705D3286615CF008A6F24 /* ColorManager.swift in Sources */,
				BE614585286F5B3600656824 /* ProfileView.swift in Sources */,
				BEA64030286A144D00E86612 /* AppDelegate.swift in Sources */,
				BEA64035286A7BA100E86612 /* PushNotificationManager.swift in Sources */,
				BEB705E1286785B3008A6F24 /* FollowRequestView.swift in Sources */,
				BEB705EB2868E4B5008A6F24 /* FriendsViewModel.swift in Sources */,
				BEE944C4287772A500BA1ACB /* PoopDetailView.swift in Sources */,
				BEB705C8286514D0008A6F24 /* User.swift in Sources */,
				BEBA705528773D7C00CEDCBD /* AddPoopView.swift in Sources */,
				BEB705DD286625F3008A6F24 /* AddFriendRowView.swift in Sources */,
			);
			runOnlyForDeploymentPostprocessing = 0;
		};
		BEB705822864B97B008A6F24 /* Sources */ = {
			isa = PBXSourcesBuildPhase;
			buildActionMask = 2147483647;
			files = (
				BEB7058B2864B97B008A6F24 /* PoopSocialTests.swift in Sources */,
			);
			runOnlyForDeploymentPostprocessing = 0;
		};
		BEB7058C2864B97B008A6F24 /* Sources */ = {
			isa = PBXSourcesBuildPhase;
			buildActionMask = 2147483647;
			files = (
				BEB705952864B97B008A6F24 /* PoopSocialUITests.swift in Sources */,
				BEB705972864B97B008A6F24 /* PoopSocialUITestsLaunchTests.swift in Sources */,
			);
			runOnlyForDeploymentPostprocessing = 0;
		};
/* End PBXSourcesBuildPhase section */

/* Begin PBXTargetDependency section */
		BEB705882864B97B008A6F24 /* PBXTargetDependency */ = {
			isa = PBXTargetDependency;
			target = BEB705752864B97A008A6F24 /* PoopSocial */;
			targetProxy = BEB705872864B97B008A6F24 /* PBXContainerItemProxy */;
		};
		BEB705922864B97B008A6F24 /* PBXTargetDependency */ = {
			isa = PBXTargetDependency;
			target = BEB705752864B97A008A6F24 /* PoopSocial */;
			targetProxy = BEB705912864B97B008A6F24 /* PBXContainerItemProxy */;
		};
/* End PBXTargetDependency section */

/* Begin XCBuildConfiguration section */
		BEB705982864B97B008A6F24 /* Debug */ = {
			isa = XCBuildConfiguration;
			buildSettings = {
				ALWAYS_SEARCH_USER_PATHS = NO;
				CLANG_ANALYZER_NONNULL = YES;
				CLANG_ANALYZER_NUMBER_OBJECT_CONVERSION = YES_AGGRESSIVE;
				CLANG_CXX_LANGUAGE_STANDARD = "gnu++17";
				CLANG_ENABLE_MODULES = YES;
				CLANG_ENABLE_OBJC_ARC = YES;
				CLANG_ENABLE_OBJC_WEAK = YES;
				CLANG_WARN_BLOCK_CAPTURE_AUTORELEASING = YES;
				CLANG_WARN_BOOL_CONVERSION = YES;
				CLANG_WARN_COMMA = YES;
				CLANG_WARN_CONSTANT_CONVERSION = YES;
				CLANG_WARN_DEPRECATED_OBJC_IMPLEMENTATIONS = YES;
				CLANG_WARN_DIRECT_OBJC_ISA_USAGE = YES_ERROR;
				CLANG_WARN_DOCUMENTATION_COMMENTS = YES;
				CLANG_WARN_EMPTY_BODY = YES;
				CLANG_WARN_ENUM_CONVERSION = YES;
				CLANG_WARN_INFINITE_RECURSION = YES;
				CLANG_WARN_INT_CONVERSION = YES;
				CLANG_WARN_NON_LITERAL_NULL_CONVERSION = YES;
				CLANG_WARN_OBJC_IMPLICIT_RETAIN_SELF = YES;
				CLANG_WARN_OBJC_LITERAL_CONVERSION = YES;
				CLANG_WARN_OBJC_ROOT_CLASS = YES_ERROR;
				CLANG_WARN_QUOTED_INCLUDE_IN_FRAMEWORK_HEADER = YES;
				CLANG_WARN_RANGE_LOOP_ANALYSIS = YES;
				CLANG_WARN_STRICT_PROTOTYPES = YES;
				CLANG_WARN_SUSPICIOUS_MOVE = YES;
				CLANG_WARN_UNGUARDED_AVAILABILITY = YES_AGGRESSIVE;
				CLANG_WARN_UNREACHABLE_CODE = YES;
				CLANG_WARN__DUPLICATE_METHOD_MATCH = YES;
				COPY_PHASE_STRIP = NO;
				DEBUG_INFORMATION_FORMAT = dwarf;
				ENABLE_STRICT_OBJC_MSGSEND = YES;
				ENABLE_TESTABILITY = YES;
				GCC_C_LANGUAGE_STANDARD = gnu11;
				GCC_DYNAMIC_NO_PIC = NO;
				GCC_NO_COMMON_BLOCKS = YES;
				GCC_OPTIMIZATION_LEVEL = 0;
				GCC_PREPROCESSOR_DEFINITIONS = (
					"DEBUG=1",
					"$(inherited)",
				);
				GCC_WARN_64_TO_32_BIT_CONVERSION = YES;
				GCC_WARN_ABOUT_RETURN_TYPE = YES_ERROR;
				GCC_WARN_UNDECLARED_SELECTOR = YES;
				GCC_WARN_UNINITIALIZED_AUTOS = YES_AGGRESSIVE;
				GCC_WARN_UNUSED_FUNCTION = YES;
				GCC_WARN_UNUSED_VARIABLE = YES;
				IPHONEOS_DEPLOYMENT_TARGET = 15.5;
				MTL_ENABLE_DEBUG_INFO = INCLUDE_SOURCE;
				MTL_FAST_MATH = YES;
				ONLY_ACTIVE_ARCH = YES;
				SDKROOT = iphoneos;
				SWIFT_ACTIVE_COMPILATION_CONDITIONS = DEBUG;
				SWIFT_OPTIMIZATION_LEVEL = "-Onone";
			};
			name = Debug;
		};
		BEB705992864B97B008A6F24 /* Release */ = {
			isa = XCBuildConfiguration;
			buildSettings = {
				ALWAYS_SEARCH_USER_PATHS = NO;
				CLANG_ANALYZER_NONNULL = YES;
				CLANG_ANALYZER_NUMBER_OBJECT_CONVERSION = YES_AGGRESSIVE;
				CLANG_CXX_LANGUAGE_STANDARD = "gnu++17";
				CLANG_ENABLE_MODULES = YES;
				CLANG_ENABLE_OBJC_ARC = YES;
				CLANG_ENABLE_OBJC_WEAK = YES;
				CLANG_WARN_BLOCK_CAPTURE_AUTORELEASING = YES;
				CLANG_WARN_BOOL_CONVERSION = YES;
				CLANG_WARN_COMMA = YES;
				CLANG_WARN_CONSTANT_CONVERSION = YES;
				CLANG_WARN_DEPRECATED_OBJC_IMPLEMENTATIONS = YES;
				CLANG_WARN_DIRECT_OBJC_ISA_USAGE = YES_ERROR;
				CLANG_WARN_DOCUMENTATION_COMMENTS = YES;
				CLANG_WARN_EMPTY_BODY = YES;
				CLANG_WARN_ENUM_CONVERSION = YES;
				CLANG_WARN_INFINITE_RECURSION = YES;
				CLANG_WARN_INT_CONVERSION = YES;
				CLANG_WARN_NON_LITERAL_NULL_CONVERSION = YES;
				CLANG_WARN_OBJC_IMPLICIT_RETAIN_SELF = YES;
				CLANG_WARN_OBJC_LITERAL_CONVERSION = YES;
				CLANG_WARN_OBJC_ROOT_CLASS = YES_ERROR;
				CLANG_WARN_QUOTED_INCLUDE_IN_FRAMEWORK_HEADER = YES;
				CLANG_WARN_RANGE_LOOP_ANALYSIS = YES;
				CLANG_WARN_STRICT_PROTOTYPES = YES;
				CLANG_WARN_SUSPICIOUS_MOVE = YES;
				CLANG_WARN_UNGUARDED_AVAILABILITY = YES_AGGRESSIVE;
				CLANG_WARN_UNREACHABLE_CODE = YES;
				CLANG_WARN__DUPLICATE_METHOD_MATCH = YES;
				COPY_PHASE_STRIP = NO;
				DEBUG_INFORMATION_FORMAT = "dwarf-with-dsym";
				ENABLE_NS_ASSERTIONS = NO;
				ENABLE_STRICT_OBJC_MSGSEND = YES;
				GCC_C_LANGUAGE_STANDARD = gnu11;
				GCC_NO_COMMON_BLOCKS = YES;
				GCC_WARN_64_TO_32_BIT_CONVERSION = YES;
				GCC_WARN_ABOUT_RETURN_TYPE = YES_ERROR;
				GCC_WARN_UNDECLARED_SELECTOR = YES;
				GCC_WARN_UNINITIALIZED_AUTOS = YES_AGGRESSIVE;
				GCC_WARN_UNUSED_FUNCTION = YES;
				GCC_WARN_UNUSED_VARIABLE = YES;
				IPHONEOS_DEPLOYMENT_TARGET = 15.5;
				MTL_ENABLE_DEBUG_INFO = NO;
				MTL_FAST_MATH = YES;
				SDKROOT = iphoneos;
				SWIFT_COMPILATION_MODE = wholemodule;
				SWIFT_OPTIMIZATION_LEVEL = "-O";
				VALIDATE_PRODUCT = YES;
			};
			name = Release;
		};
		BEB7059B2864B97B008A6F24 /* Debug */ = {
			isa = XCBuildConfiguration;
			buildSettings = {
				ASSETCATALOG_COMPILER_APPICON_NAME = AppIcon;
				ASSETCATALOG_COMPILER_GLOBAL_ACCENT_COLOR_NAME = AccentColor;
				CODE_SIGN_ENTITLEMENTS = PoopSocial/PoopSocial.entitlements;
				CODE_SIGN_STYLE = Automatic;
				CURRENT_PROJECT_VERSION = 1;
				DEVELOPMENT_ASSET_PATHS = "\"PoopSocial/Preview Content\"";
				DEVELOPMENT_TEAM = AVT7P4879D;
				ENABLE_PREVIEWS = YES;
				GENERATE_INFOPLIST_FILE = YES;
				INFOPLIST_FILE = PoopSocial/Info.plist;
				INFOPLIST_KEY_UIApplicationSceneManifest_Generation = YES;
				INFOPLIST_KEY_UIApplicationSupportsIndirectInputEvents = YES;
				INFOPLIST_KEY_UILaunchScreen_Generation = YES;
				INFOPLIST_KEY_UISupportedInterfaceOrientations_iPad = "UIInterfaceOrientationPortrait UIInterfaceOrientationPortraitUpsideDown UIInterfaceOrientationLandscapeLeft UIInterfaceOrientationLandscapeRight";
				INFOPLIST_KEY_UISupportedInterfaceOrientations_iPhone = "UIInterfaceOrientationPortrait UIInterfaceOrientationLandscapeLeft UIInterfaceOrientationLandscapeRight";
				LD_RUNPATH_SEARCH_PATHS = (
					"$(inherited)",
					"@executable_path/Frameworks",
				);
				MARKETING_VERSION = 1.0;
				PRODUCT_BUNDLE_IDENTIFIER = dakshin.PoopSocial;
				PRODUCT_NAME = "$(TARGET_NAME)";
				SWIFT_EMIT_LOC_STRINGS = YES;
				SWIFT_VERSION = 5.0;
				TARGETED_DEVICE_FAMILY = "1,2";
			};
			name = Debug;
		};
		BEB7059C2864B97B008A6F24 /* Release */ = {
			isa = XCBuildConfiguration;
			buildSettings = {
				ASSETCATALOG_COMPILER_APPICON_NAME = AppIcon;
				ASSETCATALOG_COMPILER_GLOBAL_ACCENT_COLOR_NAME = AccentColor;
				CODE_SIGN_ENTITLEMENTS = PoopSocial/PoopSocial.entitlements;
				CODE_SIGN_STYLE = Automatic;
				CURRENT_PROJECT_VERSION = 1;
				DEVELOPMENT_ASSET_PATHS = "\"PoopSocial/Preview Content\"";
				DEVELOPMENT_TEAM = AVT7P4879D;
				ENABLE_PREVIEWS = YES;
				GENERATE_INFOPLIST_FILE = YES;
				INFOPLIST_FILE = PoopSocial/Info.plist;
				INFOPLIST_KEY_UIApplicationSceneManifest_Generation = YES;
				INFOPLIST_KEY_UIApplicationSupportsIndirectInputEvents = YES;
				INFOPLIST_KEY_UILaunchScreen_Generation = YES;
				INFOPLIST_KEY_UISupportedInterfaceOrientations_iPad = "UIInterfaceOrientationPortrait UIInterfaceOrientationPortraitUpsideDown UIInterfaceOrientationLandscapeLeft UIInterfaceOrientationLandscapeRight";
				INFOPLIST_KEY_UISupportedInterfaceOrientations_iPhone = "UIInterfaceOrientationPortrait UIInterfaceOrientationLandscapeLeft UIInterfaceOrientationLandscapeRight";
				LD_RUNPATH_SEARCH_PATHS = (
					"$(inherited)",
					"@executable_path/Frameworks",
				);
				MARKETING_VERSION = 1.0;
				PRODUCT_BUNDLE_IDENTIFIER = dakshin.PoopSocial;
				PRODUCT_NAME = "$(TARGET_NAME)";
				SWIFT_EMIT_LOC_STRINGS = YES;
				SWIFT_VERSION = 5.0;
				TARGETED_DEVICE_FAMILY = "1,2";
			};
			name = Release;
		};
		BEB7059E2864B97B008A6F24 /* Debug */ = {
			isa = XCBuildConfiguration;
			buildSettings = {
				ALWAYS_EMBED_SWIFT_STANDARD_LIBRARIES = YES;
				BUNDLE_LOADER = "$(TEST_HOST)";
				CODE_SIGN_STYLE = Automatic;
				CURRENT_PROJECT_VERSION = 1;
				DEVELOPMENT_TEAM = AVT7P4879D;
				GENERATE_INFOPLIST_FILE = YES;
				IPHONEOS_DEPLOYMENT_TARGET = 15.5;
				MARKETING_VERSION = 1.0;
				PRODUCT_BUNDLE_IDENTIFIER = dakshin.PoopSocialTests;
				PRODUCT_NAME = "$(TARGET_NAME)";
				SWIFT_EMIT_LOC_STRINGS = NO;
				SWIFT_VERSION = 5.0;
				TARGETED_DEVICE_FAMILY = "1,2";
				TEST_HOST = "$(BUILT_PRODUCTS_DIR)/PoopSocial.app/PoopSocial";
			};
			name = Debug;
		};
		BEB7059F2864B97B008A6F24 /* Release */ = {
			isa = XCBuildConfiguration;
			buildSettings = {
				ALWAYS_EMBED_SWIFT_STANDARD_LIBRARIES = YES;
				BUNDLE_LOADER = "$(TEST_HOST)";
				CODE_SIGN_STYLE = Automatic;
				CURRENT_PROJECT_VERSION = 1;
				DEVELOPMENT_TEAM = AVT7P4879D;
				GENERATE_INFOPLIST_FILE = YES;
				IPHONEOS_DEPLOYMENT_TARGET = 15.5;
				MARKETING_VERSION = 1.0;
				PRODUCT_BUNDLE_IDENTIFIER = dakshin.PoopSocialTests;
				PRODUCT_NAME = "$(TARGET_NAME)";
				SWIFT_EMIT_LOC_STRINGS = NO;
				SWIFT_VERSION = 5.0;
				TARGETED_DEVICE_FAMILY = "1,2";
				TEST_HOST = "$(BUILT_PRODUCTS_DIR)/PoopSocial.app/PoopSocial";
			};
			name = Release;
		};
		BEB705A12864B97B008A6F24 /* Debug */ = {
			isa = XCBuildConfiguration;
			buildSettings = {
				ALWAYS_EMBED_SWIFT_STANDARD_LIBRARIES = YES;
				CODE_SIGN_STYLE = Automatic;
				CURRENT_PROJECT_VERSION = 1;
				DEVELOPMENT_TEAM = AVT7P4879D;
				GENERATE_INFOPLIST_FILE = YES;
				MARKETING_VERSION = 1.0;
				PRODUCT_BUNDLE_IDENTIFIER = dakshin.PoopSocialUITests;
				PRODUCT_NAME = "$(TARGET_NAME)";
				SWIFT_EMIT_LOC_STRINGS = NO;
				SWIFT_VERSION = 5.0;
				TARGETED_DEVICE_FAMILY = "1,2";
				TEST_TARGET_NAME = PoopSocial;
			};
			name = Debug;
		};
		BEB705A22864B97B008A6F24 /* Release */ = {
			isa = XCBuildConfiguration;
			buildSettings = {
				ALWAYS_EMBED_SWIFT_STANDARD_LIBRARIES = YES;
				CODE_SIGN_STYLE = Automatic;
				CURRENT_PROJECT_VERSION = 1;
				DEVELOPMENT_TEAM = AVT7P4879D;
				GENERATE_INFOPLIST_FILE = YES;
				MARKETING_VERSION = 1.0;
				PRODUCT_BUNDLE_IDENTIFIER = dakshin.PoopSocialUITests;
				PRODUCT_NAME = "$(TARGET_NAME)";
				SWIFT_EMIT_LOC_STRINGS = NO;
				SWIFT_VERSION = 5.0;
				TARGETED_DEVICE_FAMILY = "1,2";
				TEST_TARGET_NAME = PoopSocial;
			};
			name = Release;
		};
/* End XCBuildConfiguration section */

/* Begin XCConfigurationList section */
		BEB705712864B97A008A6F24 /* Build configuration list for PBXProject "PoopSocial" */ = {
			isa = XCConfigurationList;
			buildConfigurations = (
				BEB705982864B97B008A6F24 /* Debug */,
				BEB705992864B97B008A6F24 /* Release */,
			);
			defaultConfigurationIsVisible = 0;
			defaultConfigurationName = Release;
		};
		BEB7059A2864B97B008A6F24 /* Build configuration list for PBXNativeTarget "PoopSocial" */ = {
			isa = XCConfigurationList;
			buildConfigurations = (
				BEB7059B2864B97B008A6F24 /* Debug */,
				BEB7059C2864B97B008A6F24 /* Release */,
			);
			defaultConfigurationIsVisible = 0;
			defaultConfigurationName = Release;
		};
		BEB7059D2864B97B008A6F24 /* Build configuration list for PBXNativeTarget "PoopSocialTests" */ = {
			isa = XCConfigurationList;
			buildConfigurations = (
				BEB7059E2864B97B008A6F24 /* Debug */,
				BEB7059F2864B97B008A6F24 /* Release */,
			);
			defaultConfigurationIsVisible = 0;
			defaultConfigurationName = Release;
		};
		BEB705A02864B97B008A6F24 /* Build configuration list for PBXNativeTarget "PoopSocialUITests" */ = {
			isa = XCConfigurationList;
			buildConfigurations = (
				BEB705A12864B97B008A6F24 /* Debug */,
				BEB705A22864B97B008A6F24 /* Release */,
			);
			defaultConfigurationIsVisible = 0;
			defaultConfigurationName = Release;
		};
/* End XCConfigurationList section */

/* Begin XCRemoteSwiftPackageReference section */
		BEA64020286A0F5200E86612 /* XCRemoteSwiftPackageReference "firebase-ios-sdk" */ = {
			isa = XCRemoteSwiftPackageReference;
			repositoryURL = "https://github.com/firebase/firebase-ios-sdk.git";
			requirement = {
				branch = master;
				kind = branch;
			};
		};
		BEB705C32864F40C008A6F24 /* XCRemoteSwiftPackageReference "SDWebImageSwiftUI" */ = {
			isa = XCRemoteSwiftPackageReference;
			repositoryURL = "https://github.com/SDWebImage/SDWebImageSwiftUI";
			requirement = {
				kind = upToNextMajorVersion;
				minimumVersion = 2.0.0;
			};
		};
/* End XCRemoteSwiftPackageReference section */

/* Begin XCSwiftPackageProductDependency section */
		BEA64021286A0F5200E86612 /* FirebaseAuth */ = {
			isa = XCSwiftPackageProductDependency;
			package = BEA64020286A0F5200E86612 /* XCRemoteSwiftPackageReference "firebase-ios-sdk" */;
			productName = FirebaseAuth;
		};
		BEA64023286A0F5200E86612 /* FirebaseFirestore */ = {
			isa = XCSwiftPackageProductDependency;
			package = BEA64020286A0F5200E86612 /* XCRemoteSwiftPackageReference "firebase-ios-sdk" */;
			productName = FirebaseFirestore;
		};
		BEA64025286A0F5200E86612 /* FirebaseFirestoreSwift */ = {
			isa = XCSwiftPackageProductDependency;
			package = BEA64020286A0F5200E86612 /* XCRemoteSwiftPackageReference "firebase-ios-sdk" */;
			productName = FirebaseFirestoreSwift;
		};
		BEA64027286A0F5200E86612 /* FirebaseMessaging */ = {
			isa = XCSwiftPackageProductDependency;
			package = BEA64020286A0F5200E86612 /* XCRemoteSwiftPackageReference "firebase-ios-sdk" */;
			productName = FirebaseMessaging;
		};
		BEA64029286A0F5200E86612 /* FirebaseStorage */ = {
			isa = XCSwiftPackageProductDependency;
			package = BEA64020286A0F5200E86612 /* XCRemoteSwiftPackageReference "firebase-ios-sdk" */;
			productName = FirebaseStorage;
		};
		BEB705C42864F40C008A6F24 /* SDWebImageSwiftUI */ = {
			isa = XCSwiftPackageProductDependency;
			package = BEB705C32864F40C008A6F24 /* XCRemoteSwiftPackageReference "SDWebImageSwiftUI" */;
			productName = SDWebImageSwiftUI;
		};
/* End XCSwiftPackageProductDependency section */
	};
	rootObject = BEB7056E2864B97A008A6F24 /* Project object */;
}
